
Microsoft Visual Studio Solution File, Format Version 12.00
# Visual Studio 15
VisualStudioVersion = 15.0.27004.2008
MinimumVisualStudioVersion = 10.0.40219.1
Project("{FAE04EC0-301F-11D3-BF4B-00C04F79EFBC}") = "Host File Modifier", "Host File Modifier\Host File Modifier.csproj", "{57AF55CC-2501-447B-AEE8-91C727D16F44}"
EndProject
Global
	GlobalSection(SolutionConfigurationPlatforms) = preSolution
		Debug|Any CPU = Debug|Any CPU
		Release|Any CPU = Release|Any CPU
	EndGlobalSection
	GlobalSection(ProjectConfigurationPlatforms) = postSolution
		{57AF55CC-2501-447B-AEE8-91C727D16F44}.Debug|Any CPU.ActiveCfg = Debug|Any CPU
		{57AF55CC-2501-447B-AEE8-91C727D16F44}.Debug|Any CPU.Build.0 = Debug|Any CPU
		{57AF55CC-2501-447B-AEE8-91C727D16F44}.Release|Any CPU.ActiveCfg = Release|Any CPU
		{57AF55CC-2501-447B-AEE8-91C727D16F44}.Release|Any CPU.Build.0 = Release|Any CPU
	EndGlobalSection
	GlobalSection(SolutionProperties) = preSolution
		HideSolutionNode = FALSE
	EndGlobalSection
	GlobalSection(ExtensibilityGlobals) = postSolution
		SolutionGuid = {5BEFE303-4BB5-4B1D-97D1-3CFB962B6463}
	EndGlobalSection
EndGlobal
